// !$*UTF8*$!
{
	archiveVersion = 1;
	classes = {
	};
	objectVersion = 46;
	objects = {

/* Begin PBXBuildFile section */
		4BD9BD1015F3F25D00E9325B /* listaPenyas.plist in Resources */ = {isa = PBXBuildFile; fileRef = 4BD9BD0F15F3F25D00E9325B /* listaPenyas.plist */; };
		4BE1160D15F540BF00855983 /* 0001.ABPenyaAnguera.jpg in Resources */ = {isa = PBXBuildFile; fileRef = 4BE1160315F540BF00855983 /* 0001.ABPenyaAnguera.jpg */; };
		4BE1160E15F540BF00855983 /* 0002.LaGranada.jpg in Resources */ = {isa = PBXBuildFile; fileRef = 4BE1160415F540BF00855983 /* 0002.LaGranada.jpg */; };
		4BE1160F15F540BF00855983 /* 0003.PBSantFruitosBages.jpg in Resources */ = {isa = PBXBuildFile; fileRef = 4BE1160515F540BF00855983 /* 0003.PBSantFruitosBages.jpg */; };
		4BE1161015F540BF00855983 /* 0004.PBBarcino.jpg in Resources */ = {isa = PBXBuildFile; fileRef = 4BE1160615F540BF00855983 /* 0004.PBBarcino.jpg */; };
		4BE1161115F540BF00855983 /* 0006.PBRipollet.jpg in Resources */ = {isa = PBXBuildFile; fileRef = 4BE1160715F540BF00855983 /* 0006.PBRipollet.jpg */; };
		4BE1161215F540BF00855983 /* 0007.UBCatalonia.jpg in Resources */ = {isa = PBXBuildFile; fileRef = 4BE1160815F540BF00855983 /* 0007.UBCatalonia.jpg */; };
		4BE1161315F540BF00855983 /* 0008.PBCincCopes.jpg in Resources */ = {isa = PBXBuildFile; fileRef = 4BE1160915F540BF00855983 /* 0008.PBCincCopes.jpg */; };
		4BE1161415F540BF00855983 /* 0010.ADBCollblanc.jpg in Resources */ = {isa = PBXBuildFile; fileRef = 4BE1160A15F540BF00855983 /* 0010.ADBCollblanc.jpg */; };
		4BE1161515F540BF00855983 /* 0983.PBSuecia.png in Resources */ = {isa = PBXBuildFile; fileRef = 4BE1160B15F540BF00855983 /* 0983.PBSuecia.png */; };
		4BE1161615F540BF00855983 /* void.png in Resources */ = {isa = PBXBuildFile; fileRef = 4BE1160C15F540BF00855983 /* void.png */; };
		4BE61B9C15EBFD650089D8C1 /* UIKit.framework in Frameworks */ = {isa = PBXBuildFile; fileRef = 4BE61B9B15EBFD650089D8C1 /* UIKit.framework */; };
		4BE61B9E15EBFD650089D8C1 /* Foundation.framework in Frameworks */ = {isa = PBXBuildFile; fileRef = 4BE61B9D15EBFD650089D8C1 /* Foundation.framework */; };
		4BE61BA015EBFD650089D8C1 /* CoreGraphics.framework in Frameworks */ = {isa = PBXBuildFile; fileRef = 4BE61B9F15EBFD650089D8C1 /* CoreGraphics.framework */; };
		4BE61BA615EBFD650089D8C1 /* InfoPlist.strings in Resources */ = {isa = PBXBuildFile; fileRef = 4BE61BA415EBFD650089D8C1 /* InfoPlist.strings */; };
		4BE61BA815EBFD650089D8C1 /* main.m in Sources */ = {isa = PBXBuildFile; fileRef = 4BE61BA715EBFD650089D8C1 /* main.m */; };
		4BE61BAC15EBFD650089D8C1 /* AppDelegate.m in Sources */ = {isa = PBXBuildFile; fileRef = 4BE61BAB15EBFD650089D8C1 /* AppDelegate.m */; };
		4BE61BAF15EBFD650089D8C1 /* ViewController.m in Sources */ = {isa = PBXBuildFile; fileRef = 4BE61BAE15EBFD650089D8C1 /* ViewController.m */; };
		4BE61BB215EBFD650089D8C1 /* ViewController.xib in Resources */ = {isa = PBXBuildFile; fileRef = 4BE61BB015EBFD650089D8C1 /* ViewController.xib */; };
/* End PBXBuildFile section */

/* Begin PBXFileReference section */
		4BD9BD0F15F3F25D00E9325B /* listaPenyas.plist */ = {isa = PBXFileReference; fileEncoding = 4; lastKnownFileType = text.plist.xml; path = listaPenyas.plist; sourceTree = "<group>"; };
		4BE1160315F540BF00855983 /* 0001.ABPenyaAnguera.jpg */ = {isa = PBXFileReference; lastKnownFileType = image.jpeg; path = 0001.ABPenyaAnguera.jpg; sourceTree = "<group>"; };
		4BE1160415F540BF00855983 /* 0002.LaGranada.jpg */ = {isa = PBXFileReference; lastKnownFileType = image.jpeg; path = 0002.LaGranada.jpg; sourceTree = "<group>"; };
		4BE1160515F540BF00855983 /* 0003.PBSantFruitosBages.jpg */ = {isa = PBXFileReference; lastKnownFileType = image.jpeg; path = 0003.PBSantFruitosBages.jpg; sourceTree = "<group>"; };
		4BE1160615F540BF00855983 /* 0004.PBBarcino.jpg */ = {isa = PBXFileReference; lastKnownFileType = image.jpeg; path = 0004.PBBarcino.jpg; sourceTree = "<group>"; };
		4BE1160715F540BF00855983 /* 0006.PBRipollet.jpg */ = {isa = PBXFileReference; lastKnownFileType = image.jpeg; path = 0006.PBRipollet.jpg; sourceTree = "<group>"; };
		4BE1160815F540BF00855983 /* 0007.UBCatalonia.jpg */ = {isa = PBXFileReference; lastKnownFileType = image.jpeg; path = 0007.UBCatalonia.jpg; sourceTree = "<group>"; };
		4BE1160915F540BF00855983 /* 0008.PBCincCopes.jpg */ = {isa = PBXFileReference; lastKnownFileType = image.jpeg; path = 0008.PBCincCopes.jpg; sourceTree = "<group>"; };
		4BE1160A15F540BF00855983 /* 0010.ADBCollblanc.jpg */ = {isa = PBXFileReference; lastKnownFileType = image.jpeg; path = 0010.ADBCollblanc.jpg; sourceTree = "<group>"; };
		4BE1160B15F540BF00855983 /* 0983.PBSuecia.png */ = {isa = PBXFileReference; lastKnownFileType = image.png; path = 0983.PBSuecia.png; sourceTree = "<group>"; };
		4BE1160C15F540BF00855983 /* void.png */ = {isa = PBXFileReference; lastKnownFileType = image.png; path = void.png; sourceTree = "<group>"; };
		4BE61B9715EBFD650089D8C1 /* penyasBarsa.app */ = {isa = PBXFileReference; explicitFileType = wrapper.application; includeInIndex = 0; path = penyasBarsa.app; sourceTree = BUILT_PRODUCTS_DIR; };
		4BE61B9B15EBFD650089D8C1 /* UIKit.framework */ = {isa = PBXFileReference; lastKnownFileType = wrapper.framework; name = UIKit.framework; path = System/Library/Frameworks/UIKit.framework; sourceTree = SDKROOT; };
		4BE61B9D15EBFD650089D8C1 /* Foundation.framework */ = {isa = PBXFileReference; lastKnownFileType = wrapper.framework; name = Foundation.framework; path = System/Library/Frameworks/Foundation.framework; sourceTree = SDKROOT; };
		4BE61B9F15EBFD650089D8C1 /* CoreGraphics.framework */ = {isa = PBXFileReference; lastKnownFileType = wrapper.framework; name = CoreGraphics.framework; path = System/Library/Frameworks/CoreGraphics.framework; sourceTree = SDKROOT; };
		4BE61BA315EBFD650089D8C1 /* penyasBarsa-Info.plist */ = {isa = PBXFileReference; lastKnownFileType = text.plist.xml; path = "penyasBarsa-Info.plist"; sourceTree = "<group>"; };
		4BE61BA515EBFD650089D8C1 /* en */ = {isa = PBXFileReference; lastKnownFileType = text.plist.strings; name = en; path = en.lproj/InfoPlist.strings; sourceTree = "<group>"; };
		4BE61BA715EBFD650089D8C1 /* main.m */ = {isa = PBXFileReference; lastKnownFileType = sourcecode.c.objc; path = main.m; sourceTree = "<group>"; };
		4BE61BA915EBFD650089D8C1 /* penyasBarsa-Prefix.pch */ = {isa = PBXFileReference; lastKnownFileType = sourcecode.c.h; path = "penyasBarsa-Prefix.pch"; sourceTree = "<group>"; };
		4BE61BAA15EBFD650089D8C1 /* AppDelegate.h */ = {isa = PBXFileReference; lastKnownFileType = sourcecode.c.h; path = AppDelegate.h; sourceTree = "<group>"; };
		4BE61BAB15EBFD650089D8C1 /* AppDelegate.m */ = {isa = PBXFileReference; lastKnownFileType = sourcecode.c.objc; path = AppDelegate.m; sourceTree = "<group>"; };
		4BE61BAD15EBFD650089D8C1 /* ViewController.h */ = {isa = PBXFileReference; lastKnownFileType = sourcecode.c.h; path = ViewController.h; sourceTree = "<group>"; };
		4BE61BAE15EBFD650089D8C1 /* ViewController.m */ = {isa = PBXFileReference; lastKnownFileType = sourcecode.c.objc; path = ViewController.m; sourceTree = "<group>"; };
		4BE61BB115EBFD650089D8C1 /* en */ = {isa = PBXFileReference; lastKnownFileType = file.xib; name = en; path = en.lproj/ViewController.xib; sourceTree = "<group>"; };
/* End PBXFileReference section */

/* Begin PBXFrameworksBuildPhase section */
		4BE61B9415EBFD650089D8C1 /* Frameworks */ = {
			isa = PBXFrameworksBuildPhase;
			buildActionMask = 2147483647;
			files = (
				4BE61B9C15EBFD650089D8C1 /* UIKit.framework in Frameworks */,
				4BE61B9E15EBFD650089D8C1 /* Foundation.framework in Frameworks */,
				4BE61BA015EBFD650089D8C1 /* CoreGraphics.framework in Frameworks */,
			);
			runOnlyForDeploymentPostprocessing = 0;
		};
/* End PBXFrameworksBuildPhase section */

/* Begin PBXGroup section */
		4BE115A615F5407000855983 /* Resources */ = {
			isa = PBXGroup;
			children = (
				4BE1160315F540BF00855983 /* 0001.ABPenyaAnguera.jpg */,
				4BE1160415F540BF00855983 /* 0002.LaGranada.jpg */,
				4BE1160515F540BF00855983 /* 0003.PBSantFruitosBages.jpg */,
				4BE1160615F540BF00855983 /* 0004.PBBarcino.jpg */,
				4BE1160715F540BF00855983 /* 0006.PBRipollet.jpg */,
				4BE1160815F540BF00855983 /* 0007.UBCatalonia.jpg */,
				4BE1160915F540BF00855983 /* 0008.PBCincCopes.jpg */,
				4BE1160A15F540BF00855983 /* 0010.ADBCollblanc.jpg */,
				4BE1160B15F540BF00855983 /* 0983.PBSuecia.png */,
				4BE1160C15F540BF00855983 /* void.png */,
				4BD9BD0F15F3F25D00E9325B /* listaPenyas.plist */,
			);
			name = Resources;
			sourceTree = "<group>";
		};
		4BE61B8C15EBFD650089D8C1 = {
			isa = PBXGroup;
			children = (
				4BE61BA115EBFD650089D8C1 /* penyasBarsa */,
				4BE61B9A15EBFD650089D8C1 /* Frameworks */,
				4BE61B9815EBFD650089D8C1 /* Products */,
			);
			sourceTree = "<group>";
		};
		4BE61B9815EBFD650089D8C1 /* Products */ = {
			isa = PBXGroup;
			children = (
				4BE61B9715EBFD650089D8C1 /* penyasBarsa.app */,
			);
			name = Products;
			sourceTree = "<group>";
		};
		4BE61B9A15EBFD650089D8C1 /* Frameworks */ = {
			isa = PBXGroup;
			children = (
				4BE61B9B15EBFD650089D8C1 /* UIKit.framework */,
				4BE61B9D15EBFD650089D8C1 /* Foundation.framework */,
				4BE61B9F15EBFD650089D8C1 /* CoreGraphics.framework */,
			);
			name = Frameworks;
			sourceTree = "<group>";
		};
		4BE61BA115EBFD650089D8C1 /* penyasBarsa */ = {
			isa = PBXGroup;
			children = (
				4BE61BAA15EBFD650089D8C1 /* AppDelegate.h */,
				4BE61BAB15EBFD650089D8C1 /* AppDelegate.m */,
				4BE61BAD15EBFD650089D8C1 /* ViewController.h */,
				4BE61BAE15EBFD650089D8C1 /* ViewController.m */,
				4BE61BB015EBFD650089D8C1 /* ViewController.xib */,
				4BE115A615F5407000855983 /* Resources */,
				4BE61BA215EBFD650089D8C1 /* Supporting Files */,
			);
			path = penyasBarsa;
			sourceTree = "<group>";
		};
		4BE61BA215EBFD650089D8C1 /* Supporting Files */ = {
			isa = PBXGroup;
			children = (
				4BE61BA315EBFD650089D8C1 /* penyasBarsa-Info.plist */,
				4BE61BA415EBFD650089D8C1 /* InfoPlist.strings */,
				4BE61BA715EBFD650089D8C1 /* main.m */,
				4BE61BA915EBFD650089D8C1 /* penyasBarsa-Prefix.pch */,
			);
			name = "Supporting Files";
			sourceTree = "<group>";
		};
/* End PBXGroup section */

/* Begin PBXNativeTarget section */
		4BE61B9615EBFD650089D8C1 /* penyasBarsa */ = {
			isa = PBXNativeTarget;
			buildConfigurationList = 4BE61BB515EBFD650089D8C1 /* Build configuration list for PBXNativeTarget "penyasBarsa" */;
			buildPhases = (
				4BE61B9315EBFD650089D8C1 /* Sources */,
				4BE61B9415EBFD650089D8C1 /* Frameworks */,
				4BE61B9515EBFD650089D8C1 /* Resources */,
			);
			buildRules = (
			);
			dependencies = (
			);
			name = penyasBarsa;
			productName = penyasBarsa;
			productReference = 4BE61B9715EBFD650089D8C1 /* penyasBarsa.app */;
			productType = "com.apple.product-type.application";
		};
/* End PBXNativeTarget section */

/* Begin PBXProject section */
		4BE61B8E15EBFD650089D8C1 /* Project object */ = {
			isa = PBXProject;
			attributes = {
				LastUpgradeCheck = 0420;
			};
			buildConfigurationList = 4BE61B9115EBFD650089D8C1 /* Build configuration list for PBXProject "penyasBarsa" */;
			compatibilityVersion = "Xcode 3.2";
			developmentRegion = English;
			hasScannedForEncodings = 0;
			knownRegions = (
				en,
			);
			mainGroup = 4BE61B8C15EBFD650089D8C1;
			productRefGroup = 4BE61B9815EBFD650089D8C1 /* Products */;
			projectDirPath = "";
			projectRoot = "";
			targets = (
				4BE61B9615EBFD650089D8C1 /* penyasBarsa */,
			);
		};
/* End PBXProject section */

/* Begin PBXResourcesBuildPhase section */
		4BE61B9515EBFD650089D8C1 /* Resources */ = {
			isa = PBXResourcesBuildPhase;
			buildActionMask = 2147483647;
			files = (
				4BE61BA615EBFD650089D8C1 /* InfoPlist.strings in Resources */,
				4BE61BB215EBFD650089D8C1 /* ViewController.xib in Resources */,
				4BD9BD1015F3F25D00E9325B /* listaPenyas.plist in Resources */,
				4BE1160D15F540BF00855983 /* 0001.ABPenyaAnguera.jpg in Resources */,
				4BE1160E15F540BF00855983 /* 0002.LaGranada.jpg in Resources */,
				4BE1160F15F540BF00855983 /* 0003.PBSantFruitosBages.jpg in Resources */,
				4BE1161015F540BF00855983 /* 0004.PBBarcino.jpg in Resources */,
				4BE1161115F540BF00855983 /* 0006.PBRipollet.jpg in Resources */,
				4BE1161215F540BF00855983 /* 0007.UBCatalonia.jpg in Resources */,
				4BE1161315F540BF00855983 /* 0008.PBCincCopes.jpg in Resources */,
				4BE1161415F540BF00855983 /* 0010.ADBCollblanc.jpg in Resources */,
				4BE1161515F540BF00855983 /* 0983.PBSuecia.png in Resources */,
				4BE1161615F540BF00855983 /* void.png in Resources */,
			);
			runOnlyForDeploymentPostprocessing = 0;
		};
/* End PBXResourcesBuildPhase section */

/* Begin PBXSourcesBuildPhase section */
		4BE61B9315EBFD650089D8C1 /* Sources */ = {
			isa = PBXSourcesBuildPhase;
			buildActionMask = 2147483647;
			files = (
				4BE61BA815EBFD650089D8C1 /* main.m in Sources */,
				4BE61BAC15EBFD650089D8C1 /* AppDelegate.m in Sources */,
				4BE61BAF15EBFD650089D8C1 /* ViewController.m in Sources */,
			);
			runOnlyForDeploymentPostprocessing = 0;
		};
/* End PBXSourcesBuildPhase section */

/* Begin PBXVariantGroup section */
		4BE61BA415EBFD650089D8C1 /* InfoPlist.strings */ = {
			isa = PBXVariantGroup;
			children = (
				4BE61BA515EBFD650089D8C1 /* en */,
			);
			name = InfoPlist.strings;
			sourceTree = "<group>";
		};
		4BE61BB015EBFD650089D8C1 /* ViewController.xib */ = {
			isa = PBXVariantGroup;
			children = (
				4BE61BB115EBFD650089D8C1 /* en */,
			);
			name = ViewController.xib;
			sourceTree = "<group>";
		};
/* End PBXVariantGroup section */

/* Begin XCBuildConfiguration section */
		4BE61BB315EBFD650089D8C1 /* Debug */ = {
			isa = XCBuildConfiguration;
			buildSettings = {
				ALWAYS_SEARCH_USER_PATHS = NO;
				ARCHS = "$(ARCHS_STANDARD_32_BIT)";
				CLANG_ENABLE_OBJC_ARC = YES;
				"CODE_SIGN_IDENTITY[sdk=iphoneos*]" = "iPhone Developer";
				COPY_PHASE_STRIP = NO;
				GCC_C_LANGUAGE_STANDARD = gnu99;
				GCC_DYNAMIC_NO_PIC = NO;
				GCC_OPTIMIZATION_LEVEL = 0;
				GCC_PREPROCESSOR_DEFINITIONS = (
					"DEBUG=1",
					"$(inherited)",
				);
				GCC_SYMBOLS_PRIVATE_EXTERN = NO;
				GCC_VERSION = com.apple.compilers.llvm.clang.1_0;
				GCC_WARN_ABOUT_MISSING_PROTOTYPES = YES;
				GCC_WARN_ABOUT_RETURN_TYPE = YES;
				GCC_WARN_UNUSED_VARIABLE = YES;
				IPHONEOS_DEPLOYMENT_TARGET = 5.0;
				SDKROOT = iphoneos;
			};
			name = Debug;
		};
		4BE61BB415EBFD650089D8C1 /* Release */ = {
			isa = XCBuildConfiguration;
			buildSettings = {
				ALWAYS_SEARCH_USER_PATHS = NO;
				ARCHS = "$(ARCHS_STANDARD_32_BIT)";
				CLANG_ENABLE_OBJC_ARC = YES;
				"CODE_SIGN_IDENTITY[sdk=iphoneos*]" = "iPhone Developer";
				COPY_PHASE_STRIP = YES;
				GCC_C_LANGUAGE_STANDARD = gnu99;
				GCC_VERSION = com.apple.compilers.llvm.clang.1_0;
				GCC_WARN_ABOUT_MISSING_PROTOTYPES = YES;
				GCC_WARN_ABOUT_RETURN_TYPE = YES;
				GCC_WARN_UNUSED_VARIABLE = YES;
				IPHONEOS_DEPLOYMENT_TARGET = 5.0;
				OTHER_CFLAGS = "-DNS_BLOCK_ASSERTIONS=1";
				SDKROOT = iphoneos;
				VALIDATE_PRODUCT = YES;
			};
			name = Release;
		};
		4BE61BB615EBFD650089D8C1 /* Debug */ = {
			isa = XCBuildConfiguration;
			buildSettings = {
				GCC_PRECOMPILE_PREFIX_HEADER = YES;
				GCC_PREFIX_HEADER = "penyasBarsa/penyasBarsa-Prefix.pch";
				INFOPLIST_FILE = "penyasBarsa/penyasBarsa-Info.plist";
				PRODUCT_NAME = "$(TARGET_NAME)";
				WRAPPER_EXTENSION = app;
			};
			name = Debug;
		};
		4BE61BB715EBFD650089D8C1 /* Release */ = {
			isa = XCBuildConfiguration;
			buildSettings = {
				GCC_PRECOMPILE_PREFIX_HEADER = YES;
				GCC_PREFIX_HEADER = "penyasBarsa/penyasBarsa-Prefix.pch";
				INFOPLIST_FILE = "penyasBarsa/penyasBarsa-Info.plist";
				PRODUCT_NAME = "$(TARGET_NAME)";
				WRAPPER_EXTENSION = app;
			};
			name = Release;
		};
/* End XCBuildConfiguration section */

/* Begin XCConfigurationList section */
		4BE61B9115EBFD650089D8C1 /* Build configuration list for PBXProject "penyasBarsa" */ = {
			isa = XCConfigurationList;
			buildConfigurations = (
				4BE61BB315EBFD650089D8C1 /* Debug */,
				4BE61BB415EBFD650089D8C1 /* Release */,
			);
			defaultConfigurationIsVisible = 0;
			defaultConfigurationName = Release;
		};
		4BE61BB515EBFD650089D8C1 /* Build configuration list for PBXNativeTarget "penyasBarsa" */ = {
			isa = XCConfigurationList;
			buildConfigurations = (
				4BE61BB615EBFD650089D8C1 /* Debug */,
				4BE61BB715EBFD650089D8C1 /* Release */,
			);
			defaultConfigurationIsVisible = 0;
			defaultConfigurationName = Release;
		};
/* End XCConfigurationList section */
	};
	rootObject = 4BE61B8E15EBFD650089D8C1 /* Project object */;
}
